PODS:
  - AnobiKit (0.0.28)
  - AnobiUIKit (0.0.1):
    - AnobiKit (~> 0.0.27)

DEPENDENCIES:
  - AnobiUIKit (from `../`)

EXTERNAL SOURCES:
  AnobiUIKit:
    :path: ../

SPEC CHECKSUMS:
  AnobiKit: 53c26ba8cf32f714cb49e58927ab1f1d496d4feb
  AnobiUIKit: 9f93ff263a8981f3ff23dd2db8f06cf5f47ae2cf

PODFILE CHECKSUM: 7b73a02bad133187f40174229af508b7c7198e21

COCOAPODS: 1.3.1
